// !$*UTF8*$!
{
	archiveVersion = 1;
	classes = {
	};
	objectVersion = 50;
	objects = {

/* Begin PBXBuildFile section */
		5E4C75A5260E5E0900A406F0 /* Date+Ext.swift in Sources */ = {isa = PBXBuildFile; fileRef = 5E4C75A4260E5E0900A406F0 /* Date+Ext.swift */; };
		5E4C75A8260FB63D00A406F0 /* PersistanceManager.swift in Sources */ = {isa = PBXBuildFile; fileRef = 5E4C75A7260FB63D00A406F0 /* PersistanceManager.swift */; };
		5E4C75AB2611E08200A406F0 /* FavouriteCell.swift in Sources */ = {isa = PBXBuildFile; fileRef = 5E4C75AA2611E08100A406F0 /* FavouriteCell.swift */; };
		5E4C75AF2611F18700A406F0 /* GFTabBarController.swift in Sources */ = {isa = PBXBuildFile; fileRef = 5E4C75AE2611F18700A406F0 /* GFTabBarController.swift */; };
		5E733ABD260B80C90022059C /* AppDelegate.swift in Sources */ = {isa = PBXBuildFile; fileRef = 5E733ABC260B80C90022059C /* AppDelegate.swift */; };
		5E733ABF260B80C90022059C /* SceneDelegate.swift in Sources */ = {isa = PBXBuildFile; fileRef = 5E733ABE260B80C90022059C /* SceneDelegate.swift */; };
		5E733AC6260B80CD0022059C /* Assets.xcassets in Resources */ = {isa = PBXBuildFile; fileRef = 5E733AC5260B80CD0022059C /* Assets.xcassets */; };
		5E733AC9260B80CD0022059C /* LaunchScreen.storyboard in Resources */ = {isa = PBXBuildFile; fileRef = 5E733AC7260B80CD0022059C /* LaunchScreen.storyboard */; };
		5E733AD5260B88900022059C /* SearchVC.swift in Sources */ = {isa = PBXBuildFile; fileRef = 5E733AD4260B88900022059C /* SearchVC.swift */; };
		5E733AD8260B88BA0022059C /* FavouritesListVC.swift in Sources */ = {isa = PBXBuildFile; fileRef = 5E733AD7260B88BA0022059C /* FavouritesListVC.swift */; };
		5E733ADB260B94800022059C /* GFButton.swift in Sources */ = {isa = PBXBuildFile; fileRef = 5E733ADA260B947F0022059C /* GFButton.swift */; };
		5E733AE1260B9DF10022059C /* GFTextfield.swift in Sources */ = {isa = PBXBuildFile; fileRef = 5E733AE0260B9DF10022059C /* GFTextfield.swift */; };
		5E733AEA260BB5120022059C /* FollowerListVC.swift in Sources */ = {isa = PBXBuildFile; fileRef = 5E733AE9260BB5120022059C /* FollowerListVC.swift */; };
		5E733AED260BB8630022059C /* String+Ext.swift in Sources */ = {isa = PBXBuildFile; fileRef = 5E733AEC260BB8630022059C /* String+Ext.swift */; };
		5E733AF0260BBAFE0022059C /* GFTitleLabel.swift in Sources */ = {isa = PBXBuildFile; fileRef = 5E733AEF260BBAFE0022059C /* GFTitleLabel.swift */; };
		5E733AF4260BBC730022059C /* GFBodyLabel.swift in Sources */ = {isa = PBXBuildFile; fileRef = 5E733AF3260BBC730022059C /* GFBodyLabel.swift */; };
		5E733AF7260BBD390022059C /* GFAlertVC.swift in Sources */ = {isa = PBXBuildFile; fileRef = 5E733AF6260BBD390022059C /* GFAlertVC.swift */; };
		5E733AFB260BBF790022059C /* GFContainerView.swift in Sources */ = {isa = PBXBuildFile; fileRef = 5E733AFA260BBF790022059C /* GFContainerView.swift */; };
		5E733AFF260BC3DF0022059C /* UIViewController+Ext.swift in Sources */ = {isa = PBXBuildFile; fileRef = 5E733AFE260BC3DF0022059C /* UIViewController+Ext.swift */; };
		5E733B26260C8A3B0022059C /* Follower.swift in Sources */ = {isa = PBXBuildFile; fileRef = 5E733B25260C8A3B0022059C /* Follower.swift */; };
		5E733B2B260C9ADD0022059C /* User.swift in Sources */ = {isa = PBXBuildFile; fileRef = 5E733B2A260C9ADD0022059C /* User.swift */; };
		5E733B32260CA5C80022059C /* NetworkManager.swift in Sources */ = {isa = PBXBuildFile; fileRef = 5E733B31260CA5C80022059C /* NetworkManager.swift */; };
		5E733B37260CB2930022059C /* ErrorMessage.swift in Sources */ = {isa = PBXBuildFile; fileRef = 5E733B36260CB2930022059C /* ErrorMessage.swift */; };
		5E733B3B260CD1F10022059C /* FollowerCell.swift in Sources */ = {isa = PBXBuildFile; fileRef = 5E733B3A260CD1F10022059C /* FollowerCell.swift */; };
		5E733B3E260CD2630022059C /* GFAvatarImageView.swift in Sources */ = {isa = PBXBuildFile; fileRef = 5E733B3D260CD2630022059C /* GFAvatarImageView.swift */; };
		5E733B94260CF8B60022059C /* UIHelper.swift in Sources */ = {isa = PBXBuildFile; fileRef = 5E733B93260CF8B60022059C /* UIHelper.swift */; };
		5E733C45260D1D7B0022059C /* GFEmptyStateView.swift in Sources */ = {isa = PBXBuildFile; fileRef = 5E733C44260D1D7B0022059C /* GFEmptyStateView.swift */; };
		5E733CA0260E02A80022059C /* UserInfoVC.swift in Sources */ = {isa = PBXBuildFile; fileRef = 5E733C9F260E02A80022059C /* UserInfoVC.swift */; };
		5E733CA3260E2C910022059C /* GFUserInfoHeaderVC.swift in Sources */ = {isa = PBXBuildFile; fileRef = 5E733CA2260E2C910022059C /* GFUserInfoHeaderVC.swift */; };
		5E733CA9260E2D080022059C /* GFSecondaryTitleLabel.swift in Sources */ = {isa = PBXBuildFile; fileRef = 5E733CA8260E2D080022059C /* GFSecondaryTitleLabel.swift */; };
		5E733CAC260E37490022059C /* Constants.swift in Sources */ = {isa = PBXBuildFile; fileRef = 5E733CAB260E37490022059C /* Constants.swift */; };
		5E733CAF260E48E30022059C /* GFItemInfoView.swift in Sources */ = {isa = PBXBuildFile; fileRef = 5E733CAE260E48E30022059C /* GFItemInfoView.swift */; };
		5E733CB2260E50880022059C /* GFItemInfoVC.swift in Sources */ = {isa = PBXBuildFile; fileRef = 5E733CB1260E50880022059C /* GFItemInfoVC.swift */; };
		5E733CB5260E53C70022059C /* GFRepoItemVC.swift in Sources */ = {isa = PBXBuildFile; fileRef = 5E733CB4260E53C70022059C /* GFRepoItemVC.swift */; };
		5E733CB8260E55EA0022059C /* GFFollowerItemVC.swift in Sources */ = {isa = PBXBuildFile; fileRef = 5E733CB7260E55EA0022059C /* GFFollowerItemVC.swift */; };
/* End PBXBuildFile section */

/* Begin PBXFileReference section */
		5E4C75A4260E5E0900A406F0 /* Date+Ext.swift */ = {isa = PBXFileReference; lastKnownFileType = sourcecode.swift; path = "Date+Ext.swift"; sourceTree = "<group>"; };
		5E4C75A7260FB63D00A406F0 /* PersistanceManager.swift */ = {isa = PBXFileReference; lastKnownFileType = sourcecode.swift; path = PersistanceManager.swift; sourceTree = "<group>"; };
		5E4C75AA2611E08100A406F0 /* FavouriteCell.swift */ = {isa = PBXFileReference; lastKnownFileType = sourcecode.swift; path = FavouriteCell.swift; sourceTree = "<group>"; };
		5E4C75AE2611F18700A406F0 /* GFTabBarController.swift */ = {isa = PBXFileReference; lastKnownFileType = sourcecode.swift; path = GFTabBarController.swift; sourceTree = "<group>"; };
		5E733AB9260B80C90022059C /* GHFollowers.app */ = {isa = PBXFileReference; explicitFileType = wrapper.application; includeInIndex = 0; path = GHFollowers.app; sourceTree = BUILT_PRODUCTS_DIR; };
		5E733ABC260B80C90022059C /* AppDelegate.swift */ = {isa = PBXFileReference; lastKnownFileType = sourcecode.swift; path = AppDelegate.swift; sourceTree = "<group>"; };
		5E733ABE260B80C90022059C /* SceneDelegate.swift */ = {isa = PBXFileReference; lastKnownFileType = sourcecode.swift; path = SceneDelegate.swift; sourceTree = "<group>"; };
		5E733AC5260B80CD0022059C /* Assets.xcassets */ = {isa = PBXFileReference; lastKnownFileType = folder.assetcatalog; path = Assets.xcassets; sourceTree = "<group>"; };
		5E733AC8260B80CD0022059C /* Base */ = {isa = PBXFileReference; lastKnownFileType = file.storyboard; name = Base; path = Base.lproj/LaunchScreen.storyboard; sourceTree = "<group>"; };
		5E733ACA260B80CD0022059C /* Info.plist */ = {isa = PBXFileReference; lastKnownFileType = text.plist.xml; path = Info.plist; sourceTree = "<group>"; };
		5E733AD4260B88900022059C /* SearchVC.swift */ = {isa = PBXFileReference; lastKnownFileType = sourcecode.swift; path = SearchVC.swift; sourceTree = "<group>"; };
		5E733AD7260B88BA0022059C /* FavouritesListVC.swift */ = {isa = PBXFileReference; lastKnownFileType = sourcecode.swift; path = FavouritesListVC.swift; sourceTree = "<group>"; };
		5E733ADA260B947F0022059C /* GFButton.swift */ = {isa = PBXFileReference; lastKnownFileType = sourcecode.swift; path = GFButton.swift; sourceTree = "<group>"; };
		5E733AE0260B9DF10022059C /* GFTextfield.swift */ = {isa = PBXFileReference; lastKnownFileType = sourcecode.swift; path = GFTextfield.swift; sourceTree = "<group>"; };
		5E733AE9260BB5120022059C /* FollowerListVC.swift */ = {isa = PBXFileReference; lastKnownFileType = sourcecode.swift; path = FollowerListVC.swift; sourceTree = "<group>"; };
		5E733AEC260BB8630022059C /* String+Ext.swift */ = {isa = PBXFileReference; fileEncoding = 4; lastKnownFileType = sourcecode.swift; path = "String+Ext.swift"; sourceTree = "<group>"; };
		5E733AEF260BBAFE0022059C /* GFTitleLabel.swift */ = {isa = PBXFileReference; lastKnownFileType = sourcecode.swift; path = GFTitleLabel.swift; sourceTree = "<group>"; };
		5E733AF3260BBC730022059C /* GFBodyLabel.swift */ = {isa = PBXFileReference; lastKnownFileType = sourcecode.swift; path = GFBodyLabel.swift; sourceTree = "<group>"; };
		5E733AF6260BBD390022059C /* GFAlertVC.swift */ = {isa = PBXFileReference; lastKnownFileType = sourcecode.swift; name = GFAlertVC.swift; path = "GHFollowers/Custom Views/ViewControllers/GFAlertVC.swift"; sourceTree = SOURCE_ROOT; };
		5E733AFA260BBF790022059C /* GFContainerView.swift */ = {isa = PBXFileReference; lastKnownFileType = sourcecode.swift; path = GFContainerView.swift; sourceTree = "<group>"; };
		5E733AFE260BC3DF0022059C /* UIViewController+Ext.swift */ = {isa = PBXFileReference; lastKnownFileType = sourcecode.swift; path = "UIViewController+Ext.swift"; sourceTree = "<group>"; };
		5E733B25260C8A3B0022059C /* Follower.swift */ = {isa = PBXFileReference; lastKnownFileType = sourcecode.swift; path = Follower.swift; sourceTree = "<group>"; };
		5E733B2A260C9ADD0022059C /* User.swift */ = {isa = PBXFileReference; lastKnownFileType = sourcecode.swift; path = User.swift; sourceTree = "<group>"; };
		5E733B31260CA5C80022059C /* NetworkManager.swift */ = {isa = PBXFileReference; lastKnownFileType = sourcecode.swift; path = NetworkManager.swift; sourceTree = "<group>"; };
		5E733B36260CB2930022059C /* ErrorMessage.swift */ = {isa = PBXFileReference; lastKnownFileType = sourcecode.swift; path = ErrorMessage.swift; sourceTree = "<group>"; };
		5E733B3A260CD1F10022059C /* FollowerCell.swift */ = {isa = PBXFileReference; lastKnownFileType = sourcecode.swift; path = FollowerCell.swift; sourceTree = "<group>"; };
		5E733B3D260CD2630022059C /* GFAvatarImageView.swift */ = {isa = PBXFileReference; lastKnownFileType = sourcecode.swift; path = GFAvatarImageView.swift; sourceTree = "<group>"; };
		5E733B93260CF8B60022059C /* UIHelper.swift */ = {isa = PBXFileReference; lastKnownFileType = sourcecode.swift; path = UIHelper.swift; sourceTree = "<group>"; };
		5E733C44260D1D7B0022059C /* GFEmptyStateView.swift */ = {isa = PBXFileReference; lastKnownFileType = sourcecode.swift; path = GFEmptyStateView.swift; sourceTree = "<group>"; };
		5E733C9F260E02A80022059C /* UserInfoVC.swift */ = {isa = PBXFileReference; lastKnownFileType = sourcecode.swift; path = UserInfoVC.swift; sourceTree = "<group>"; };
		5E733CA2260E2C910022059C /* GFUserInfoHeaderVC.swift */ = {isa = PBXFileReference; lastKnownFileType = sourcecode.swift; path = GFUserInfoHeaderVC.swift; sourceTree = "<group>"; };
		5E733CA8260E2D080022059C /* GFSecondaryTitleLabel.swift */ = {isa = PBXFileReference; lastKnownFileType = sourcecode.swift; path = GFSecondaryTitleLabel.swift; sourceTree = "<group>"; };
		5E733CAB260E37490022059C /* Constants.swift */ = {isa = PBXFileReference; lastKnownFileType = sourcecode.swift; path = Constants.swift; sourceTree = "<group>"; };
		5E733CAE260E48E30022059C /* GFItemInfoView.swift */ = {isa = PBXFileReference; lastKnownFileType = sourcecode.swift; path = GFItemInfoView.swift; sourceTree = "<group>"; };
		5E733CB1260E50880022059C /* GFItemInfoVC.swift */ = {isa = PBXFileReference; lastKnownFileType = sourcecode.swift; path = GFItemInfoVC.swift; sourceTree = "<group>"; };
		5E733CB4260E53C70022059C /* GFRepoItemVC.swift */ = {isa = PBXFileReference; lastKnownFileType = sourcecode.swift; path = GFRepoItemVC.swift; sourceTree = "<group>"; };
		5E733CB7260E55EA0022059C /* GFFollowerItemVC.swift */ = {isa = PBXFileReference; lastKnownFileType = sourcecode.swift; path = GFFollowerItemVC.swift; sourceTree = "<group>"; };
/* End PBXFileReference section */

/* Begin PBXFrameworksBuildPhase section */
		5E733AB6260B80C90022059C /* Frameworks */ = {
			isa = PBXFrameworksBuildPhase;
			buildActionMask = 2147483647;
			files = (
			);
			runOnlyForDeploymentPostprocessing = 0;
		};
/* End PBXFrameworksBuildPhase section */

/* Begin PBXGroup section */
		5E4C75AD2611F14B00A406F0 /* TabBarControllers */ = {
			isa = PBXGroup;
			children = (
				5E4C75AE2611F18700A406F0 /* GFTabBarController.swift */,
			);
			path = TabBarControllers;
			sourceTree = "<group>";
		};
		5E733AB0260B80C90022059C = {
			isa = PBXGroup;
			children = (
				5E733ABB260B80C90022059C /* GHFollowers */,
				5E733ABA260B80C90022059C /* Products */,
			);
			sourceTree = "<group>";
		};
		5E733ABA260B80C90022059C /* Products */ = {
			isa = PBXGroup;
			children = (
				5E733AB9260B80C90022059C /* GHFollowers.app */,
			);
			name = Products;
			sourceTree = "<group>";
		};
		5E733ABB260B80C90022059C /* GHFollowers */ = {
			isa = PBXGroup;
			children = (
				5E733B35260CB27F0022059C /* Utilities */,
				5E733B30260CA5AB0022059C /* Managers */,
				5E733B24260C8A2A0022059C /* Model */,
				5E733AFD260BC3AE0022059C /* Extensions */,
				5E733AE4260BB4B90022059C /* Custom Views */,
				5E733B03260BC72A0022059C /* Screens */,
				5E733B05260BC7EB0022059C /* Support */,
				5E733ACA260B80CD0022059C /* Info.plist */,
			);
			path = GHFollowers;
			sourceTree = "<group>";
		};
		5E733AE4260BB4B90022059C /* Custom Views */ = {
			isa = PBXGroup;
			children = (
				5E4C75AD2611F14B00A406F0 /* TabBarControllers */,
				5E733C43260D1C2E0022059C /* Textfield */,
				5E733C40260D1C090022059C /* Labels */,
				5E733C3F260D1BFB0022059C /* Buttons */,
				5E733C3E260D1BEA0022059C /* ImageViews */,
				5E733C3D260D1BE40022059C /* Views */,
				5E733B39260CD1CC0022059C /* Cells */,
				5E733CA5260E2C980022059C /* ViewControllers */,
			);
			path = "Custom Views";
			sourceTree = "<group>";
		};
		5E733AFD260BC3AE0022059C /* Extensions */ = {
			isa = PBXGroup;
			children = (
				5E733AFE260BC3DF0022059C /* UIViewController+Ext.swift */,
				5E733AEC260BB8630022059C /* String+Ext.swift */,
				5E4C75A4260E5E0900A406F0 /* Date+Ext.swift */,
			);
			path = Extensions;
			sourceTree = "<group>";
		};
		5E733B03260BC72A0022059C /* Screens */ = {
			isa = PBXGroup;
			children = (
				5E733AD4260B88900022059C /* SearchVC.swift */,
				5E733AD7260B88BA0022059C /* FavouritesListVC.swift */,
				5E733AE9260BB5120022059C /* FollowerListVC.swift */,
				5E733C9F260E02A80022059C /* UserInfoVC.swift */,
			);
			path = Screens;
			sourceTree = "<group>";
		};
		5E733B05260BC7EB0022059C /* Support */ = {
			isa = PBXGroup;
			children = (
				5E733ABC260B80C90022059C /* AppDelegate.swift */,
				5E733ABE260B80C90022059C /* SceneDelegate.swift */,
				5E733AC5260B80CD0022059C /* Assets.xcassets */,
				5E733AC7260B80CD0022059C /* LaunchScreen.storyboard */,
			);
			path = Support;
			sourceTree = "<group>";
		};
		5E733B24260C8A2A0022059C /* Model */ = {
			isa = PBXGroup;
			children = (
				5E733B25260C8A3B0022059C /* Follower.swift */,
				5E733B2A260C9ADD0022059C /* User.swift */,
			);
			path = Model;
			sourceTree = "<group>";
		};
		5E733B30260CA5AB0022059C /* Managers */ = {
			isa = PBXGroup;
			children = (
				5E733B31260CA5C80022059C /* NetworkManager.swift */,
				5E4C75A7260FB63D00A406F0 /* PersistanceManager.swift */,
			);
			path = Managers;
			sourceTree = "<group>";
		};
		5E733B35260CB27F0022059C /* Utilities */ = {
			isa = PBXGroup;
			children = (
				5E733B36260CB2930022059C /* ErrorMessage.swift */,
				5E733B93260CF8B60022059C /* UIHelper.swift */,
				5E733CAB260E37490022059C /* Constants.swift */,
			);
			path = Utilities;
			sourceTree = "<group>";
		};
		5E733B39260CD1CC0022059C /* Cells */ = {
			isa = PBXGroup;
			children = (
				5E733B3A260CD1F10022059C /* FollowerCell.swift */,
				5E4C75AA2611E08100A406F0 /* FavouriteCell.swift */,
			);
			path = Cells;
			sourceTree = "<group>";
		};
		5E733C3D260D1BE40022059C /* Views */ = {
			isa = PBXGroup;
			children = (
				5E733AFA260BBF790022059C /* GFContainerView.swift */,
				5E733C44260D1D7B0022059C /* GFEmptyStateView.swift */,
				5E733CAE260E48E30022059C /* GFItemInfoView.swift */,
			);
			path = Views;
			sourceTree = "<group>";
		};
		5E733C3E260D1BEA0022059C /* ImageViews */ = {
			isa = PBXGroup;
			children = (
				5E733B3D260CD2630022059C /* GFAvatarImageView.swift */,
			);
			path = ImageViews;
			sourceTree = "<group>";
		};
		5E733C3F260D1BFB0022059C /* Buttons */ = {
			isa = PBXGroup;
			children = (
				5E733ADA260B947F0022059C /* GFButton.swift */,
			);
			path = Buttons;
			sourceTree = "<group>";
		};
		5E733C40260D1C090022059C /* Labels */ = {
			isa = PBXGroup;
			children = (
				5E733AEF260BBAFE0022059C /* GFTitleLabel.swift */,
				5E733AF3260BBC730022059C /* GFBodyLabel.swift */,
				5E733CA8260E2D080022059C /* GFSecondaryTitleLabel.swift */,
			);
			path = Labels;
			sourceTree = "<group>";
		};
		5E733C43260D1C2E0022059C /* Textfield */ = {
			isa = PBXGroup;
			children = (
				5E733AE0260B9DF10022059C /* GFTextfield.swift */,
			);
			path = Textfield;
			sourceTree = "<group>";
		};
		5E733CA5260E2C980022059C /* ViewControllers */ = {
			isa = PBXGroup;
			children = (
				5E733AF6260BBD390022059C /* GFAlertVC.swift */,
				5E733CA2260E2C910022059C /* GFUserInfoHeaderVC.swift */,
				5E733CBA260E564A0022059C /* ItemInfoVCs */,
			);
			path = ViewControllers;
			sourceTree = "<group>";
		};
		5E733CBA260E564A0022059C /* ItemInfoVCs */ = {
			isa = PBXGroup;
			children = (
				5E733CB1260E50880022059C /* GFItemInfoVC.swift */,
				5E733CB4260E53C70022059C /* GFRepoItemVC.swift */,
				5E733CB7260E55EA0022059C /* GFFollowerItemVC.swift */,
			);
			path = ItemInfoVCs;
			sourceTree = "<group>";
		};
/* End PBXGroup section */

/* Begin PBXNativeTarget section */
		5E733AB8260B80C90022059C /* GHFollowers */ = {
			isa = PBXNativeTarget;
			buildConfigurationList = 5E733ACD260B80CD0022059C /* Build configuration list for PBXNativeTarget "GHFollowers" */;
			buildPhases = (
				5E733AB5260B80C90022059C /* Sources */,
				5E733AB6260B80C90022059C /* Frameworks */,
				5E733AB7260B80C90022059C /* Resources */,
			);
			buildRules = (
			);
			dependencies = (
			);
			name = GHFollowers;
			productName = GHFollowers;
			productReference = 5E733AB9260B80C90022059C /* GHFollowers.app */;
			productType = "com.apple.product-type.application";
		};
/* End PBXNativeTarget section */

/* Begin PBXProject section */
		5E733AB1260B80C90022059C /* Project object */ = {
			isa = PBXProject;
			attributes = {
				LastSwiftUpdateCheck = 1240;
				LastUpgradeCheck = 1240;
				TargetAttributes = {
					5E733AB8260B80C90022059C = {
						CreatedOnToolsVersion = 12.4;
					};
				};
			};
			buildConfigurationList = 5E733AB4260B80C90022059C /* Build configuration list for PBXProject "GHFollowers" */;
			compatibilityVersion = "Xcode 9.3";
			developmentRegion = en;
			hasScannedForEncodings = 0;
			knownRegions = (
				en,
				Base,
			);
			mainGroup = 5E733AB0260B80C90022059C;
			productRefGroup = 5E733ABA260B80C90022059C /* Products */;
			projectDirPath = "";
			projectRoot = "";
			targets = (
				5E733AB8260B80C90022059C /* GHFollowers */,
			);
		};
/* End PBXProject section */

/* Begin PBXResourcesBuildPhase section */
		5E733AB7260B80C90022059C /* Resources */ = {
			isa = PBXResourcesBuildPhase;
			buildActionMask = 2147483647;
			files = (
				5E733AC9260B80CD0022059C /* LaunchScreen.storyboard in Resources */,
				5E733AC6260B80CD0022059C /* Assets.xcassets in Resources */,
			);
			runOnlyForDeploymentPostprocessing = 0;
		};
/* End PBXResourcesBuildPhase section */

/* Begin PBXSourcesBuildPhase section */
		5E733AB5260B80C90022059C /* Sources */ = {
			isa = PBXSourcesBuildPhase;
			buildActionMask = 2147483647;
			files = (
				5E733CAC260E37490022059C /* Constants.swift in Sources */,
				5E733AE1260B9DF10022059C /* GFTextfield.swift in Sources */,
				5E733B37260CB2930022059C /* ErrorMessage.swift in Sources */,
				5E4C75AB2611E08200A406F0 /* FavouriteCell.swift in Sources */,
				5E733B3E260CD2630022059C /* GFAvatarImageView.swift in Sources */,
				5E733B94260CF8B60022059C /* UIHelper.swift in Sources */,
				5E733B26260C8A3B0022059C /* Follower.swift in Sources */,
				5E733AFF260BC3DF0022059C /* UIViewController+Ext.swift in Sources */,
				5E733AD5260B88900022059C /* SearchVC.swift in Sources */,
				5E733CAF260E48E30022059C /* GFItemInfoView.swift in Sources */,
				5E4C75A5260E5E0900A406F0 /* Date+Ext.swift in Sources */,
				5E733CB2260E50880022059C /* GFItemInfoVC.swift in Sources */,
				5E733B32260CA5C80022059C /* NetworkManager.swift in Sources */,
				5E733ADB260B94800022059C /* GFButton.swift in Sources */,
				5E733CB5260E53C70022059C /* GFRepoItemVC.swift in Sources */,
				5E733ABD260B80C90022059C /* AppDelegate.swift in Sources */,
				5E733AEA260BB5120022059C /* FollowerListVC.swift in Sources */,
				5E733AF7260BBD390022059C /* GFAlertVC.swift in Sources */,
				5E733B2B260C9ADD0022059C /* User.swift in Sources */,
				5E4C75A8260FB63D00A406F0 /* PersistanceManager.swift in Sources */,
				5E733CA9260E2D080022059C /* GFSecondaryTitleLabel.swift in Sources */,
				5E733B3B260CD1F10022059C /* FollowerCell.swift in Sources */,
				5E733AD8260B88BA0022059C /* FavouritesListVC.swift in Sources */,
				5E733CA3260E2C910022059C /* GFUserInfoHeaderVC.swift in Sources */,
				5E733C45260D1D7B0022059C /* GFEmptyStateView.swift in Sources */,
				5E733AF0260BBAFE0022059C /* GFTitleLabel.swift in Sources */,
				5E733AED260BB8630022059C /* String+Ext.swift in Sources */,
				5E733CB8260E55EA0022059C /* GFFollowerItemVC.swift in Sources */,
				5E733ABF260B80C90022059C /* SceneDelegate.swift in Sources */,
				5E733AF4260BBC730022059C /* GFBodyLabel.swift in Sources */,
				5E733AFB260BBF790022059C /* GFContainerView.swift in Sources */,
				5E733CA0260E02A80022059C /* UserInfoVC.swift in Sources */,
				5E4C75AF2611F18700A406F0 /* GFTabBarController.swift in Sources */,
			);
			runOnlyForDeploymentPostprocessing = 0;
		};
/* End PBXSourcesBuildPhase section */

/* Begin PBXVariantGroup section */
		5E733AC7260B80CD0022059C /* LaunchScreen.storyboard */ = {
			isa = PBXVariantGroup;
			children = (
				5E733AC8260B80CD0022059C /* Base */,
			);
			name = LaunchScreen.storyboard;
			sourceTree = "<group>";
		};
/* End PBXVariantGroup section */

/* Begin XCBuildConfiguration section */
		5E733ACB260B80CD0022059C /* Debug */ = {
			isa = XCBuildConfiguration;
			buildSettings = {
				ALWAYS_SEARCH_USER_PATHS = NO;
				CLANG_ANALYZER_NONNULL = YES;
				CLANG_ANALYZER_NUMBER_OBJECT_CONVERSION = YES_AGGRESSIVE;
				CLANG_CXX_LANGUAGE_STANDARD = "gnu++14";
				CLANG_CXX_LIBRARY = "libc++";
				CLANG_ENABLE_MODULES = YES;
				CLANG_ENABLE_OBJC_ARC = YES;
				CLANG_ENABLE_OBJC_WEAK = YES;
				CLANG_WARN_BLOCK_CAPTURE_AUTORELEASING = YES;
				CLANG_WARN_BOOL_CONVERSION = YES;
				CLANG_WARN_COMMA = YES;
				CLANG_WARN_CONSTANT_CONVERSION = YES;
				CLANG_WARN_DEPRECATED_OBJC_IMPLEMENTATIONS = YES;
				CLANG_WARN_DIRECT_OBJC_ISA_USAGE = YES_ERROR;
				CLANG_WARN_DOCUMENTATION_COMMENTS = YES;
				CLANG_WARN_EMPTY_BODY = YES;
				CLANG_WARN_ENUM_CONVERSION = YES;
				CLANG_WARN_INFINITE_RECURSION = YES;
				CLANG_WARN_INT_CONVERSION = YES;
				CLANG_WARN_NON_LITERAL_NULL_CONVERSION = YES;
				CLANG_WARN_OBJC_IMPLICIT_RETAIN_SELF = YES;
				CLANG_WARN_OBJC_LITERAL_CONVERSION = YES;
				CLANG_WARN_OBJC_ROOT_CLASS = YES_ERROR;
				CLANG_WARN_QUOTED_INCLUDE_IN_FRAMEWORK_HEADER = YES;
				CLANG_WARN_RANGE_LOOP_ANALYSIS = YES;
				CLANG_WARN_STRICT_PROTOTYPES = YES;
				CLANG_WARN_SUSPICIOUS_MOVE = YES;
				CLANG_WARN_UNGUARDED_AVAILABILITY = YES_AGGRESSIVE;
				CLANG_WARN_UNREACHABLE_CODE = YES;
				CLANG_WARN__DUPLICATE_METHOD_MATCH = YES;
				COPY_PHASE_STRIP = NO;
				DEBUG_INFORMATION_FORMAT = dwarf;
				ENABLE_STRICT_OBJC_MSGSEND = YES;
				ENABLE_TESTABILITY = YES;
				GCC_C_LANGUAGE_STANDARD = gnu11;
				GCC_DYNAMIC_NO_PIC = NO;
				GCC_NO_COMMON_BLOCKS = YES;
				GCC_OPTIMIZATION_LEVEL = 0;
				GCC_PREPROCESSOR_DEFINITIONS = (
					"DEBUG=1",
					"$(inherited)",
				);
				GCC_WARN_64_TO_32_BIT_CONVERSION = YES;
				GCC_WARN_ABOUT_RETURN_TYPE = YES_ERROR;
				GCC_WARN_UNDECLARED_SELECTOR = YES;
				GCC_WARN_UNINITIALIZED_AUTOS = YES_AGGRESSIVE;
				GCC_WARN_UNUSED_FUNCTION = YES;
				GCC_WARN_UNUSED_VARIABLE = YES;
				IPHONEOS_DEPLOYMENT_TARGET = 14.4;
				MTL_ENABLE_DEBUG_INFO = INCLUDE_SOURCE;
				MTL_FAST_MATH = YES;
				ONLY_ACTIVE_ARCH = YES;
				SDKROOT = iphoneos;
				SWIFT_ACTIVE_COMPILATION_CONDITIONS = DEBUG;
				SWIFT_OPTIMIZATION_LEVEL = "-Onone";
			};
			name = Debug;
		};
		5E733ACC260B80CD0022059C /* Release */ = {
			isa = XCBuildConfiguration;
			buildSettings = {
				ALWAYS_SEARCH_USER_PATHS = NO;
				CLANG_ANALYZER_NONNULL = YES;
				CLANG_ANALYZER_NUMBER_OBJECT_CONVERSION = YES_AGGRESSIVE;
				CLANG_CXX_LANGUAGE_STANDARD = "gnu++14";
				CLANG_CXX_LIBRARY = "libc++";
				CLANG_ENABLE_MODULES = YES;
				CLANG_ENABLE_OBJC_ARC = YES;
				CLANG_ENABLE_OBJC_WEAK = YES;
				CLANG_WARN_BLOCK_CAPTURE_AUTORELEASING = YES;
				CLANG_WARN_BOOL_CONVERSION = YES;
				CLANG_WARN_COMMA = YES;
				CLANG_WARN_CONSTANT_CONVERSION = YES;
				CLANG_WARN_DEPRECATED_OBJC_IMPLEMENTATIONS = YES;
				CLANG_WARN_DIRECT_OBJC_ISA_USAGE = YES_ERROR;
				CLANG_WARN_DOCUMENTATION_COMMENTS = YES;
				CLANG_WARN_EMPTY_BODY = YES;
				CLANG_WARN_ENUM_CONVERSION = YES;
				CLANG_WARN_INFINITE_RECURSION = YES;
				CLANG_WARN_INT_CONVERSION = YES;
				CLANG_WARN_NON_LITERAL_NULL_CONVERSION = YES;
				CLANG_WARN_OBJC_IMPLICIT_RETAIN_SELF = YES;
				CLANG_WARN_OBJC_LITERAL_CONVERSION = YES;
				CLANG_WARN_OBJC_ROOT_CLASS = YES_ERROR;
				CLANG_WARN_QUOTED_INCLUDE_IN_FRAMEWORK_HEADER = YES;
				CLANG_WARN_RANGE_LOOP_ANALYSIS = YES;
				CLANG_WARN_STRICT_PROTOTYPES = YES;
				CLANG_WARN_SUSPICIOUS_MOVE = YES;
				CLANG_WARN_UNGUARDED_AVAILABILITY = YES_AGGRESSIVE;
				CLANG_WARN_UNREACHABLE_CODE = YES;
				CLANG_WARN__DUPLICATE_METHOD_MATCH = YES;
				COPY_PHASE_STRIP = NO;
				DEBUG_INFORMATION_FORMAT = "dwarf-with-dsym";
				ENABLE_NS_ASSERTIONS = NO;
				ENABLE_STRICT_OBJC_MSGSEND = YES;
				GCC_C_LANGUAGE_STANDARD = gnu11;
				GCC_NO_COMMON_BLOCKS = YES;
				GCC_WARN_64_TO_32_BIT_CONVERSION = YES;
				GCC_WARN_ABOUT_RETURN_TYPE = YES_ERROR;
				GCC_WARN_UNDECLARED_SELECTOR = YES;
				GCC_WARN_UNINITIALIZED_AUTOS = YES_AGGRESSIVE;
				GCC_WARN_UNUSED_FUNCTION = YES;
				GCC_WARN_UNUSED_VARIABLE = YES;
				IPHONEOS_DEPLOYMENT_TARGET = 14.4;
				MTL_ENABLE_DEBUG_INFO = NO;
				MTL_FAST_MATH = YES;
				SDKROOT = iphoneos;
				SWIFT_COMPILATION_MODE = wholemodule;
				SWIFT_OPTIMIZATION_LEVEL = "-O";
				VALIDATE_PRODUCT = YES;
			};
			name = Release;
		};
		5E733ACE260B80CD0022059C /* Debug */ = {
			isa = XCBuildConfiguration;
			buildSettings = {
				ASSETCATALOG_COMPILER_APPICON_NAME = AppIcon;
				ASSETCATALOG_COMPILER_GLOBAL_ACCENT_COLOR_NAME = AccentColor;
				CODE_SIGN_STYLE = Automatic;
				DEVELOPMENT_TEAM = 39K8Q3VFHM;
				INFOPLIST_FILE = GHFollowers/Info.plist;
				LD_RUNPATH_SEARCH_PATHS = (
					"$(inherited)",
					"@executable_path/Frameworks",
				);
				PRODUCT_BUNDLE_IDENTIFIER = "com.roycroft-labs.GHFollowers";
				PRODUCT_NAME = "$(TARGET_NAME)";
				SWIFT_VERSION = 5.0;
				TARGETED_DEVICE_FAMILY = "1,2";
			};
			name = Debug;
		};
		5E733ACF260B80CD0022059C /* Release */ = {
			isa = XCBuildConfiguration;
			buildSettings = {
				ASSETCATALOG_COMPILER_APPICON_NAME = AppIcon;
				ASSETCATALOG_COMPILER_GLOBAL_ACCENT_COLOR_NAME = AccentColor;
				CODE_SIGN_STYLE = Automatic;
				DEVELOPMENT_TEAM = 39K8Q3VFHM;
				INFOPLIST_FILE = GHFollowers/Info.plist;
				LD_RUNPATH_SEARCH_PATHS = (
					"$(inherited)",
					"@executable_path/Frameworks",
				);
				PRODUCT_BUNDLE_IDENTIFIER = "com.roycroft-labs.GHFollowers";
				PRODUCT_NAME = "$(TARGET_NAME)";
				SWIFT_VERSION = 5.0;
				TARGETED_DEVICE_FAMILY = "1,2";
			};
			name = Release;
		};
/* End XCBuildConfiguration section */

/* Begin XCConfigurationList section */
		5E733AB4260B80C90022059C /* Build configuration list for PBXProject "GHFollowers" */ = {
			isa = XCConfigurationList;
			buildConfigurations = (
				5E733ACB260B80CD0022059C /* Debug */,
				5E733ACC260B80CD0022059C /* Release */,
			);
			defaultConfigurationIsVisible = 0;
			defaultConfigurationName = Release;
		};
		5E733ACD260B80CD0022059C /* Build configuration list for PBXNativeTarget "GHFollowers" */ = {
			isa = XCConfigurationList;
			buildConfigurations = (
				5E733ACE260B80CD0022059C /* Debug */,
				5E733ACF260B80CD0022059C /* Release */,
			);
			defaultConfigurationIsVisible = 0;
			defaultConfigurationName = Release;
		};
/* End XCConfigurationList section */
	};
	rootObject = 5E733AB1260B80C90022059C /* Project object */;
}
